
Microsoft Visual Studio Solution File, Format Version 12.00
# Visual Studio Version 17
VisualStudioVersion = 17.0.31903.59
MinimumVisualStudioVersion = 10.0.40219.1
Project("{FAE04EC0-301F-11D3-BF4B-00C04F79EFBC}") = "API", "API\API.csproj", "{3C1E94EF-E99E-48CC-9F79-A149F4D43825}"
EndProject
Project("{FAE04EC0-301F-11D3-BF4B-00C04F79EFBC}") = "Shared", "Shared\Shared.csproj", "{1C36DA58-3EC6-4FD4-92FF-ADD665B43957}"
EndProject
Project("{FAE04EC0-301F-11D3-BF4B-00C04F79EFBC}") = "Blazor", "Blazor\Blazor.csproj", "{E3157530-B9CF-4D98-9107-DE24CE5648CF}"
EndProject
Global
	GlobalSection(SolutionConfigurationPlatforms) = preSolution
		Debug|Any CPU = Debug|Any CPU
		Release|Any CPU = Release|Any CPU
	EndGlobalSection
	GlobalSection(ProjectConfigurationPlatforms) = postSolution
		{3C1E94EF-E99E-48CC-9F79-A149F4D43825}.Debug|Any CPU.ActiveCfg = Debug|Any CPU
		{3C1E94EF-E99E-48CC-9F79-A149F4D43825}.Debug|Any CPU.Build.0 = Debug|Any CPU
		{3C1E94EF-E99E-48CC-9F79-A149F4D43825}.Release|Any CPU.ActiveCfg = Release|Any CPU
		{3C1E94EF-E99E-48CC-9F79-A149F4D43825}.Release|Any CPU.Build.0 = Release|Any CPU
		{1C36DA58-3EC6-4FD4-92FF-ADD665B43957}.Debug|Any CPU.ActiveCfg = Debug|Any CPU
		{1C36DA58-3EC6-4FD4-92FF-ADD665B43957}.Debug|Any CPU.Build.0 = Debug|Any CPU
		{1C36DA58-3EC6-4FD4-92FF-ADD665B43957}.Release|Any CPU.ActiveCfg = Release|Any CPU
		{1C36DA58-3EC6-4FD4-92FF-ADD665B43957}.Release|Any CPU.Build.0 = Release|Any CPU
		{E3157530-B9CF-4D98-9107-DE24CE5648CF}.Debug|Any CPU.ActiveCfg = Debug|Any CPU
		{E3157530-B9CF-4D98-9107-DE24CE5648CF}.Debug|Any CPU.Build.0 = Debug|Any CPU
		{E3157530-B9CF-4D98-9107-DE24CE5648CF}.Release|Any CPU.ActiveCfg = Release|Any CPU
		{E3157530-B9CF-4D98-9107-DE24CE5648CF}.Release|Any CPU.Build.0 = Release|Any CPU
	EndGlobalSection
	GlobalSection(SolutionProperties) = preSolution
		HideSolutionNode = FALSE
	EndGlobalSection
EndGlobal
